<?xml version="1.0" encoding="utf-8"?>
<Project ToolsVersion="4.0" xmlns="http://schemas.microsoft.com/developer/msbuild/2003">
  <ItemGroup>
    <Filter Include="Source Files">
      <UniqueIdentifier>{4FC737F1-C7A5-4376-A066-2A32D752A2FF}</UniqueIdentifier>
      <Extensions>cpp;c;cc;cxx;def;odl;idl;hpj;bat;asm;asmx</Extensions>
    </Filter>
    <Filter Include="Header Files">
      <UniqueIdentifier>{93995380-89BD-4b04-88EB-625FBE52EBFB}</UniqueIdentifier>
      <Extensions>h;hh;hpp;hxx;hm;inl;inc;xsd</Extensions>
    </Filter>
    <Filter Include="Resource Files">
      <UniqueIdentifier>{67DA6AB6-F800-4c08-8B7A-83BB121AAD01}</UniqueIdentifier>
      <Extensions>rc;ico;cur;bmp;dlg;rc2;rct;bin;rgs;gif;jpg;jpeg;jpe;resx;tiff;tif;png;wav;mfcribbon-ms</Extensions>
    </Filter>
    <Filter Include="Threading">
      <UniqueIdentifier>{b26c0967-c798-4885-9405-f53ab150d0fb}</UniqueIdentifier>
    </Filter>
    <Filter Include="Render">
      <UniqueIdentifier>{3086ffc7-b7b4-4595-853b-2ca99e030937}</UniqueIdentifier>
    </Filter>
    <Filter Include="Game">
      <UniqueIdentifier>{7e4cd814-90bc-43b2-8640-0a63eb2dcde4}</UniqueIdentifier>
    </Filter>
    <Filter Include="Entities">
      <UniqueIdentifier>{7c03b210-76b8-48cd-9815-a9d914ac30bb}</UniqueIdentifier>
    </Filter>
  </ItemGroup>
  <ItemGroup>
    <ClCompile Include="Main.cpp">
      <Filter>Source Files</Filter>
    </ClCompile>
    <ClCompile Include="Graphics.cpp">
      <Filter>Render</Filter>
    </ClCompile>
    <ClCompile Include="GameController.cpp">
      <Filter>Source Files</Filter>
    </ClCompile>
    <ClCompile Include="SpriteSheet.cpp">
      <Filter>Render</Filter>
    </ClCompile>
    <ClCompile Include="GameLevel.cpp">
      <Filter>Source Files</Filter>
    </ClCompile>
    <ClCompile Include="Input.cpp">
      <Filter>Resource Files</Filter>
    </ClCompile>
    <ClCompile Include="Sound.cpp">
      <Filter>Source Files</Filter>
    </ClCompile>
    <ClCompile Include="SpriteManager.cpp">
      <Filter>Render</Filter>
    </ClCompile>
    <ClCompile Include="Level1.cpp">
      <Filter>Game</Filter>
    </ClCompile>
    <ClCompile Include="Camera.cpp">
      <Filter>Header Files</Filter>
    </ClCompile>
    <ClCompile Include="Entity.cpp">
      <Filter>Entities</Filter>
    </ClCompile>
    <ClCompile Include="Window.cpp">
      <Filter>Render</Filter>
    </ClCompile>
    <ClCompile Include="EngineManager.cpp">
      <Filter>Render</Filter>
    </ClCompile>
    <ClCompile Include="Logger.cpp">
      <Filter>Resource Files</Filter>
    </ClCompile>
    <ClCompile Include="Scene.cpp">
      <Filter>Resource Files</Filter>
    </ClCompile>
    <ClCompile Include="SceneObject.cpp">
      <Filter>Resource Files</Filter>
    </ClCompile>
    <ClCompile Include="BaseSprite.cpp">
      <Filter>Resource Files</Filter>
    </ClCompile>
    <ClCompile Include="Shader.cpp">
      <Filter>Header Files</Filter>
    </ClCompile>
    <ClCompile Include="DefaultShaderBase.cpp">
      <Filter>Header Files</Filter>
    </ClCompile>
    <ClCompile Include="EngineDefines.cpp">
      <Filter>Render</Filter>
    </ClCompile>
    <ClCompile Include="Base2D.cpp">
      <Filter>Render</Filter>
    </ClCompile>
  </ItemGroup>
  <ItemGroup>
    <ClInclude Include="ThreadPool.h">
      <Filter>Threading</Filter>
    </ClInclude>
    <ClInclude Include="Graphics.h">
      <Filter>Render</Filter>
    </ClInclude>
    <ClInclude Include="Game.h">
      <Filter>Source Files</Filter>
    </ClInclude>
    <ClInclude Include="GameController.h">
      <Filter>Source Files</Filter>
    </ClInclude>
    <ClInclude Include="SpriteSheet.h">
      <Filter>Render</Filter>
    </ClInclude>
    <ClInclude Include="KeyDefines.h">
      <Filter>Resource Files</Filter>
    </ClInclude>
    <ClInclude Include="Input.h">
      <Filter>Resource Files</Filter>
    </ClInclude>
    <ClInclude Include="Sound.h">
      <Filter>Source Files</Filter>
    </ClInclude>
    <ClInclude Include="TypeDefines.h">
      <Filter>Resource Files</Filter>
    </ClInclude>
    <ClInclude Include="HPTimer.h">
      <Filter>Resource Files</Filter>
    </ClInclude>
    <ClInclude Include="Text.h">
      <Filter>Render</Filter>
    </ClInclude>
    <ClInclude Include="Level1.h">
      <Filter>Game</Filter>
    </ClInclude>
    <ClInclude Include="Character.h">
      <Filter>Game</Filter>
    </ClInclude>
    <ClInclude Include="ObjectPool.h">
      <Filter>Game</Filter>
    </ClInclude>
    <ClInclude Include="Camera.h">
      <Filter>Header Files</Filter>
    </ClInclude>
    <ClInclude Include="_DLLExport.h">
      <Filter>Resource Files</Filter>
    </ClInclude>
    <ClInclude Include="Entity.h">
      <Filter>Entities</Filter>
    </ClInclude>
    <ClInclude Include="Window.h">
      <Filter>Render</Filter>
    </ClInclude>
    <ClInclude Include="EngineManager.h">
      <Filter>Render</Filter>
    </ClInclude>
    <ClInclude Include="EngineDefines.h">
      <Filter>Render</Filter>
    </ClInclude>
    <ClInclude Include="Logger.h">
      <Filter>Resource Files</Filter>
    </ClInclude>
    <ClInclude Include="Scene.h">
      <Filter>Resource Files</Filter>
    </ClInclude>
    <ClInclude Include="SceneObject.h">
      <Filter>Resource Files</Filter>
    </ClInclude>
    <ClInclude Include="BaseSprite.h">
      <Filter>Entities</Filter>
    </ClInclude>
    <ClInclude Include="Shader.h">
      <Filter>Header Files</Filter>
    </ClInclude>
    <ClInclude Include="DefaultShaderBase.h">
      <Filter>Header Files</Filter>
    </ClInclude>
    <ClInclude Include="Base2D.h">
      <Filter>Render</Filter>
    </ClInclude>
    <ClInclude Include="Sprite.h">
      <Filter>Render</Filter>
    </ClInclude>
  </ItemGroup>
  <ItemGroup>
    <Xml Include="Entities.xml">
      <Filter>Resource Files</Filter>
    </Xml>
  </ItemGroup>
</Project>